PODS:
  - BMSAnalyticsAPI (2.2.3)
  - BMSCore (2.3.7):
    - BMSAnalyticsAPI (~> 2.2)
  - IBMWatsonAssistantV1 (1.4.0):
    - IBMWatsonRestKit (~> 2.0.0)
  - IBMWatsonRestKit (2.0.0)
  - IBMWatsonVisualRecognitionV3 (1.3.1):
    - IBMWatsonRestKit (~> 2.0.0)
  - SwiftSpinner (1.6.2)

DEPENDENCIES:
  - BMSCore (~> 2.0)
  - IBMWatsonAssistantV1
  - IBMWatsonVisualRecognitionV3 (~> 1.3.1)
  - SwiftSpinner (~> 1.6.0)

SPEC REPOS:
  https://github.com/cocoapods/specs.git:
    - BMSAnalyticsAPI
    - BMSCore
    - IBMWatsonAssistantV1
    - IBMWatsonRestKit
    - IBMWatsonVisualRecognitionV3
    - SwiftSpinner

SPEC CHECKSUMS:
  BMSAnalyticsAPI: d259379069bb11d2ff365bf5b796a2677dfc3849
  BMSCore: 0aea25908fe0f152fdf9df9391ab8369f76661aa
  IBMWatsonAssistantV1: ea1f5a926f9fd841096804c0b8e942bb8d39bc1d
  IBMWatsonRestKit: 0a8d0f2f1cc757a0231729e9206e0b774cda0997
  IBMWatsonVisualRecognitionV3: b64efa95c24dfeeb7f426e09aaa52866de65860a
  SwiftSpinner: 3a4c6dea425e5a31b908a8b1dd5dcd1ad4d96340

PODFILE CHECKSUM: cada151eef403c363d4c3e186de8ae47ca68d82d

COCOAPODS: 1.6.0
